<?xml version="1.0" encoding="UTF-8"?>
<Scheme
   version = "1.3">
   <BuildAction>
      <BuildActionEntries>
         <BuildActionEntry
            buildForRunning = "YES">
            <BuildableReference
               BuildableIdentifier = "primary"
               BlueprintIdentifier = "0129112925BEF04500AD91E4"
               BuildableName = "FFMPEGDemo.app"
               BlueprintName = "FFMPEGDemo"
               ReferencedContainer = "container:FFMPEGDemo.xcodeproj">
            </BuildableReference>
         </BuildActionEntry>
      </BuildActionEntries>
   </BuildAction>
   <LaunchAction
      useCustomWorkingDirectory = "NO"
      buildConfiguration = "Debug"
      allowLocationSimulation = "YES">
      <BuildableProductRunnable>
         <BuildableReference
            BuildableIdentifier = "primary"
            BlueprintIdentifier = "0129112925BEF04500AD91E4"
            BuildableName = "FFMPEGDemo.app"
            BlueprintName = "FFMPEGDemo"
            ReferencedContainer = "container:FFMPEGDemo.xcodeproj">
         </BuildableReference>
      </BuildableProductRunnable>
   </LaunchAction>
</Scheme>
